{
  "version": 4,
  "terraform_version": "1.2.8",
  "serial": 32,
  "lineage": "80a4b0fc-ee38-5bef-9916-e5f9aebeb833",
  "outputs": {
    "piraterace_dev": {
      "value": "49.12.203.164",
      "type": "string"
    }
  },
  "resources": [
    {
      "mode": "managed",
      "type": "hcloud_primary_ip",
      "name": "piraterace_dev",
      "provider": "provider[\"registry.terraform.io/hetznercloud/hcloud\"]",
      "instances": [
        {
          "schema_version": 0,
          "attributes": {
            "assignee_id": 23544854,
            "assignee_type": "server",
            "auto_delete": false,
            "datacenter": "nbg1-dc3",
            "delete_protection": true,
            "id": "12430707",
            "ip_address": "49.12.203.164",
            "ip_network": null,
            "labels": {},
            "name": "piraterace_dev",
            "type": "ipv4"
          },
          "sensitive_attributes": [],
          "private": "bnVsbA=="
        }
      ]
    },
    {
      "mode": "managed",
      "type": "hcloud_server",
      "name": "piraterace_dev",
      "provider": "provider[\"registry.terraform.io/hetznercloud/hcloud\"]",
      "instances": [
        {
          "schema_version": 0,
          "attributes": {
            "allow_deprecated_images": false,
            "backup_window": "",
            "backups": false,
            "datacenter": "nbg1-dc3",
            "delete_protection": true,
            "firewall_ids": [],
            "id": "23544854",
            "ignore_remote_firewall_ids": false,
            "image": "ubuntu-22.04",
            "ipv4_address": "49.12.203.164",
            "ipv6_address": "2a01:4f8:1c1c:6814::1",
            "ipv6_network": "2a01:4f8:1c1c:6814::/64",
            "iso": null,
            "keep_disk": false,
            "labels": {},
            "location": "nbg1",
            "name": "piraterace-dev",
            "network": [],
            "placement_group_id": null,
            "public_net": [
              {
                "ipv4": 12430707,
                "ipv4_enabled": true,
                "ipv6": 0,
                "ipv6_enabled": true
              }
            ],
            "rebuild_protection": true,
            "rescue": null,
            "server_type": "cpx11",
            "ssh_keys": [
              "7787414",
              "7787415",
              "7787413"
            ],
            "status": "running",
            "timeouts": null,
            "user_data": null
          },
          "sensitive_attributes": [],
          "private": "eyJlMmJmYjczMC1lY2FhLTExZTYtOGY4OC0zNDM2M2JjN2M0YzAiOnsiY3JlYXRlIjo1NDAwMDAwMDAwMDAwfX0=",
          "dependencies": [
            "hcloud_primary_ip.piraterace_dev",
            "hcloud_ssh_key.alois_dirnaichner",
            "hcloud_ssh_key.fabian_jakub",
            "hcloud_ssh_key.jonas_hahn"
          ]
        }
      ]
    },
    {
      "mode": "managed",
      "type": "hcloud_ssh_key",
      "name": "alois_dirnaichner",
      "provider": "provider[\"registry.terraform.io/hetznercloud/hcloud\"]",
      "instances": [
        {
          "schema_version": 0,
          "attributes": {
            "fingerprint": "7e:54:00:00:19:09:10:1c:0b:c7:aa:7f:74:97:c8:28",
            "id": "7787415",
            "labels": {},
            "name": "Alois Dirnaichner",
            "public_key": "ssh-rsa AAAAB3NzaC1yc2EAAAADAQABAAACAQDXv8e11ctOZRcI2cJ/sewIFYQxYEgM7StdZyM9bxLadzlnnvqzGfbgpmmewEEUzJVVw7wX7IbX0I2Gq/LXcKXIoU2k37QhnRBkgIsiI2aDFievo5wUtQxS/sqUKl77zIh+hKazBspMw/mJtMD2n6IP4Q/BZ9fBoHAGjvO7SN9ucNqUDj9KnLGrJRlGgf6w3Txj+QNmtWm0d+Srcx2m/46qpnsFHUD2A8ec7hWMkfHJWup41BwT+f9nr9oZHCj4LygrheKgSsj/1zRaI6p4SvrBp99QL5xZ2u6BaSiI7+v4HCiflU+xO3rE0l9t18iXuhmuU4qt/cd2l7DHS2Dk8tnm2WrAo1Y9ykkz5pHtFBOG0V5YonOFUAOEwI+Nn1HJG5Ndl9qQzrh/aOWDKCI67I8mPMyzcuYpTOoUNMKndKaYXXLEuhdgrUZB0O+KGUwXdgPmztvhRD7CoAKSqNRaCX+JYK0jCZq0nc2AR2ckxtuGDI/8wJI22YOj0tH9rKa3r1Rz9Uzwa3j67jWDeyeoA3N9Fvmkfl6FoyHPc+pjVQqVbkTGLsZ08LQg4KUwq22pEw5HhzrPqEy8yhVIFKl/6E+QMXN1nO+/XRGyX8pjBk5OmgYz82NA6gmgNBZ9wY0UDBDYLmjEln4vH0v730e9ElXVkJL4nqnZZ1IQqoeJlmX6qw== alodi@directbox.com"
          },
          "sensitive_attributes": [],
          "private": "bnVsbA=="
        }
      ]
    },
    {
      "mode": "managed",
      "type": "hcloud_ssh_key",
      "name": "fabian_jakub",
      "provider": "provider[\"registry.terraform.io/hetznercloud/hcloud\"]",
      "instances": [
        {
          "schema_version": 0,
          "attributes": {
            "fingerprint": "ef:d9:34:b8:74:4c:01:65:ca:6f:28:c5:65:81:4d:18",
            "id": "7787413",
            "labels": {},
            "name": "Fabian Jakub",
            "public_key": "ssh-rsa AAAAB3NzaC1yc2EAAAADAQABAAACAQCjyDLliwFIZS76MQN7IcJ3RHI3MxVrIrAuBh+IjicD8rSRUzyrvGWGmiAYYHXDYk+2BRCiNHisD+ygpQ41X4aFGvwgIJHZhygNlw06On9tJ7TCRrMjUPP92pQ0CP7gVwT6MVkaOLgK7lYpF2TeCFuUooaM2o+iiSl/qWk08ZkYUB38Li6avxpRuw494zoqJPnnADT4YcRsEKjWcbwUNA3KAgVsRgeW+DJriAJa/XIg1uQKPp7JPgCWZQzkfWak87zP5NNmVy44XD2DyFFlj16wW4a8t+Lvb91Sw6QhPv7at4ysRaUqGqC9auEf1H+QSShT88DhBsmfCr9RSJl5E9FqAbj4kYCEhf7cATaItTVmaNhpdTCX07kDw+xoauEamcjWhGpx8JL94q4VdZtDg5TA8WkjF8Q1XKoykHvdunSFRHRq6X6kfyiPHq3YrjP0LaxNCsTPcD0FZKxiI0NC9BGcLLfrMXQyiEWa37axp/DDD8fvRXewsCfsbZeoE2pZmPnIguDk1s00EGRGDmMTwhdOUjwghhvSxobLB4utMKH2GyzN/HnZpA5TSThQDyuXfzqJ2MuNaCfY4lL5ejdXzjt++FNUHP0lbdJ6RJub0FlGIl9Q7zirfWHNZVVs8/Y/VQGegBx26ieLz6Tb0KE413Vyx7MYHvJTTQ9KUwnNH/D7Tw== Fabian.Jakub@albatros"
          },
          "sensitive_attributes": [],
          "private": "bnVsbA=="
        }
      ]
    },
    {
      "mode": "managed",
      "type": "hcloud_ssh_key",
      "name": "jonas_hahn",
      "provider": "provider[\"registry.terraform.io/hetznercloud/hcloud\"]",
      "instances": [
        {
          "schema_version": 0,
          "attributes": {
            "fingerprint": "18:fc:38:26:c4:ef:79:14:2a:fb:1e:da:b8:d4:c2:59",
            "id": "7787414",
            "labels": {},
            "name": "Jonas Hahn",
            "public_key": "ssh-ed25519 AAAAC3NzaC1lZDI1NTE5AAAAIDQccZ8ssJEmyoZT5xV8zwYyhOb9a/bGm3AmB3qDMg1m jonas.hahn@ecodia.de"
          },
          "sensitive_attributes": [],
          "private": "bnVsbA=="
        }
      ]
    },
    {
      "mode": "managed",
      "type": "local_file",
      "name": "ansible_inventory",
      "provider": "provider[\"registry.terraform.io/hashicorp/local\"]",
      "instances": [
        {
          "schema_version": 0,
          "attributes": {
            "content": "piraterace_dev ansible_user=root ansible_host=49.12.203.164\n",
            "content_base64": null,
            "directory_permission": "0777",
            "file_permission": "0777",
            "filename": "./../../ansible/hosts",
            "id": "1c7c1df28a5706a92567563c0ff6fe1439250cbf",
            "sensitive_content": null,
            "source": null
          },
          "sensitive_attributes": [],
          "private": "bnVsbA==",
          "dependencies": [
            "hcloud_primary_ip.piraterace_dev",
            "hcloud_server.piraterace_dev",
            "hcloud_ssh_key.alois_dirnaichner",
            "hcloud_ssh_key.fabian_jakub",
            "hcloud_ssh_key.jonas_hahn"
          ]
        }
      ]
    }
  ]
}
