{
  "version": 4,
  "terraform_version": "1.2.8",
  "serial": 45,
  "lineage": "80a4b0fc-ee38-5bef-9916-e5f9aebeb833",
  "outputs": {
    "piraterace_dev": {
      "value": "49.12.203.164",
      "type": "string"
    }
  },
  "resources": [
    {
      "mode": "managed",
      "type": "hcloud_primary_ip",
      "name": "piraterace_dev",
      "provider": "provider[\"registry.terraform.io/hetznercloud/hcloud\"]",
      "instances": [
        {
          "schema_version": 0,
          "attributes": {
            "assignee_id": 0,
            "assignee_type": "server",
            "auto_delete": false,
            "datacenter": "nbg1-dc3",
            "delete_protection": true,
            "id": "12430707",
            "ip_address": "49.12.203.164",
            "ip_network": null,
            "labels": {},
            "name": "piraterace_dev",
            "type": "ipv4"
          },
          "sensitive_attributes": [],
          "private": "bnVsbA=="
        }
      ]
    },
    {
      "mode": "managed",
      "type": "hcloud_server",
      "name": "piraterace_dev",
      "provider": "provider[\"registry.terraform.io/hetznercloud/hcloud\"]",
      "instances": [
        {
          "schema_version": 0,
          "attributes": {
            "allow_deprecated_images": false,
            "backup_window": "",
            "backups": false,
            "datacenter": "nbg1-dc3",
            "delete_protection": false,
            "firewall_ids": [],
            "id": "24288726",
            "ignore_remote_firewall_ids": false,
            "image": "ubuntu-22.04",
            "ipv4_address": "49.12.203.164",
            "ipv6_address": "2a01:4f8:1c1c:6814::1",
            "ipv6_network": "2a01:4f8:1c1c:6814::/64",
            "iso": null,
            "keep_disk": false,
            "labels": null,
            "location": "nbg1",
            "name": "piraterace-dev",
            "network": [],
            "placement_group_id": null,
            "public_net": [
              {
                "ipv4": 12430707,
                "ipv4_enabled": true,
                "ipv6": 0,
                "ipv6_enabled": true
              }
            ],
            "rebuild_protection": false,
            "rescue": null,
            "server_type": "cpx11",
            "ssh_keys": [
              "7787414",
              "8170618",
              "8170619"
            ],
            "status": "running",
            "timeouts": null,
            "user_data": null
          },
          "sensitive_attributes": [],
          "private": "eyJlMmJmYjczMC1lY2FhLTExZTYtOGY4OC0zNDM2M2JjN2M0YzAiOnsiY3JlYXRlIjo1NDAwMDAwMDAwMDAwfX0=",
          "dependencies": [
            "hcloud_primary_ip.piraterace_dev",
            "hcloud_ssh_key.alois_dirnaichner",
            "hcloud_ssh_key.fabian_jakub",
            "hcloud_ssh_key.jonas_hahn"
          ]
        }
      ]
    },
    {
      "mode": "managed",
      "type": "hcloud_ssh_key",
      "name": "alois_dirnaichner",
      "provider": "provider[\"registry.terraform.io/hetznercloud/hcloud\"]",
      "instances": [
        {
          "schema_version": 0,
          "attributes": {
            "fingerprint": "ee:71:23:09:ff:4d:27:fb:7a:2b:20:f3:99:fd:a3:42",
            "id": "8170618",
            "labels": {},
            "name": "Alois Dirnaichner",
            "public_key": "ssh-rsa AAAAB3NzaC1yc2EAAAABJQAAAQEA2pRYh52/psWfTiRbneBxQex71fTCAUTIbwnHD0Sfrtyh9PtLNhzBfHRUs++wieog7JEV4+9SylE/kgjjpASOSj8AQ1XHLAS4YbNPrKAp2OzRSFv0wap9OJd/uSr1PpDU/hDywYGUsVcwJkEoJ2QCNhlARhqg5e1G9RciidPU8iWmCz9wY7pDYCecQmpRvNEdf/bIR274q0jUHEtjhglRL4S5e6pfQlx1+HX4PhxQhjIxCwBYHbHyubiH6BAMD/muY8+/9JP9jdRj5PU0aB4ezzaqjw1rBm62tCfjeFuVkWDaLUjX0kbUuybrN17iYkdn/+ue4JlEjpa6FzWHzU8w2Q=="
          },
          "sensitive_attributes": [],
          "private": "bnVsbA=="
        }
      ]
    },
    {
      "mode": "managed",
      "type": "hcloud_ssh_key",
      "name": "fabian_jakub",
      "provider": "provider[\"registry.terraform.io/hetznercloud/hcloud\"]",
      "instances": [
        {
          "schema_version": 0,
          "attributes": {
            "fingerprint": "b7:00:ca:74:93:be:7d:b2:36:7f:57:15:f9:01:4c:12",
            "id": "8170619",
            "labels": {},
            "name": "Fabian Jakub",
            "public_key": "ssh-rsa AAAAB3NzaC1yc2EAAAADAQABAAACAQDqNBln+G/E25lLThpUNn1T07r5oWqOH08Wg0GIXqitx6OqlveZh2Z7hgLabbUuBPdRLfExlRkjtfdtg1IkyMGt50E2Z/GR4B7Ikx0X4ZQgSppQGiJJDVcVLptzhIzU7LGLeQBwHmZY7fvjzU6jBJKA2gJgRhvfu9gvmCP+TGkWprH8rP1ptRO+e315O8v8YTzw9qpNgu/l7zll94W2/3Lzsds6x0uJSzC//SaPq5wp4rWCKFf/nAEaOZtGRLzGV2zPQZwpNEUHUuPei7GPgynNUa3XDDJRbxBNtGSMgANLUMwgp+S2DWMe4a47v6esny31H0PBGVH0CqYsOHg5F1xQArSRji+yfzXzAmQQCFjcRwYPweVVpDSE21xTWw2W2z2ahAgIyjyFfgSOE6IBXXexkInej8cmSsdueoOi0UKgOGItN4wP+nDR9qSYNddZ/JC46zuNmJ+0ncSmPsdnan6XvDVyM5t40ADFT2KDiKRkt8IImMwiiG2iaCmkIjLyiObNN1WX7vDAPkzoOg/pJNUdgSQtt7CRYOLipdSDdqnF71w04831LnE8FIWIp3QHythZzSQPhAZPMEJj2y7seTlcsfqhWEj65TSLvZF1doB/VXbQqBV255zW7Vm3oukxBaguaW77OuyqmTnz5K05V9oaD9WhOmn4GTeixwe9LPCB2Q== fabian@prusikpeak\n"
          },
          "sensitive_attributes": [],
          "private": "bnVsbA=="
        }
      ]
    },
    {
      "mode": "managed",
      "type": "hcloud_ssh_key",
      "name": "jonas_hahn",
      "provider": "provider[\"registry.terraform.io/hetznercloud/hcloud\"]",
      "instances": [
        {
          "schema_version": 0,
          "attributes": {
            "fingerprint": "18:fc:38:26:c4:ef:79:14:2a:fb:1e:da:b8:d4:c2:59",
            "id": "7787414",
            "labels": {},
            "name": "Jonas Hahn",
            "public_key": "ssh-ed25519 AAAAC3NzaC1lZDI1NTE5AAAAIDQccZ8ssJEmyoZT5xV8zwYyhOb9a/bGm3AmB3qDMg1m jonas.hahn@ecodia.de"
          },
          "sensitive_attributes": [],
          "private": "bnVsbA=="
        }
      ]
    },
    {
      "mode": "managed",
      "type": "local_file",
      "name": "ansible_inventory",
      "provider": "provider[\"registry.terraform.io/hashicorp/local\"]",
      "instances": [
        {
          "schema_version": 0,
          "attributes": {
            "content": "piraterace_dev ansible_user=root ansible_host=49.12.203.164\n",
            "content_base64": null,
            "directory_permission": "0777",
            "file_permission": "0777",
            "filename": "./../../ansible/hosts",
            "id": "1c7c1df28a5706a92567563c0ff6fe1439250cbf",
            "sensitive_content": null,
            "source": null
          },
          "sensitive_attributes": [],
          "private": "bnVsbA==",
          "dependencies": [
            "hcloud_primary_ip.piraterace_dev",
            "hcloud_server.piraterace_dev",
            "hcloud_ssh_key.alois_dirnaichner",
            "hcloud_ssh_key.fabian_jakub",
            "hcloud_ssh_key.jonas_hahn"
          ]
        }
      ]
    }
  ]
}
